
Microsoft Visual Studio Solution File, Format Version 12.00
# Visual Studio Version 17
VisualStudioVersion = 17.0.31903.59
MinimumVisualStudioVersion = 10.0.40219.1
Project("{FAE04EC0-301F-11D3-BF4B-00C04F79EFBC}") = "MoneyExtensionsOptions", "MoneyExtensionsOptions\MoneyExtensionsOptions.csproj", "{D69870BC-6450-4D07-A02E-9C2B23FA9513}"
EndProject
Project("{FAE04EC0-301F-11D3-BF4B-00C04F79EFBC}") = "MoneyExtensionsOptions.tests", "MoneyExtensionsOptions.tests\MoneyExtensionsOptions.tests.csproj", "{B97734C7-C407-4E85-95DC-112E079BEA37}"
EndProject
Global
	GlobalSection(SolutionConfigurationPlatforms) = preSolution
		Debug|Any CPU = Debug|Any CPU
		Release|Any CPU = Release|Any CPU
	EndGlobalSection
	GlobalSection(ProjectConfigurationPlatforms) = postSolution
		{D69870BC-6450-4D07-A02E-9C2B23FA9513}.Debug|Any CPU.ActiveCfg = Debug|Any CPU
		{D69870BC-6450-4D07-A02E-9C2B23FA9513}.Debug|Any CPU.Build.0 = Debug|Any CPU
		{D69870BC-6450-4D07-A02E-9C2B23FA9513}.Release|Any CPU.ActiveCfg = Release|Any CPU
		{D69870BC-6450-4D07-A02E-9C2B23FA9513}.Release|Any CPU.Build.0 = Release|Any CPU
		{B97734C7-C407-4E85-95DC-112E079BEA37}.Debug|Any CPU.ActiveCfg = Debug|Any CPU
		{B97734C7-C407-4E85-95DC-112E079BEA37}.Debug|Any CPU.Build.0 = Debug|Any CPU
		{B97734C7-C407-4E85-95DC-112E079BEA37}.Release|Any CPU.ActiveCfg = Release|Any CPU
		{B97734C7-C407-4E85-95DC-112E079BEA37}.Release|Any CPU.Build.0 = Release|Any CPU
	EndGlobalSection
	GlobalSection(SolutionProperties) = preSolution
		HideSolutionNode = FALSE
	EndGlobalSection
EndGlobal
